// !$*UTF8*$!
{
	archiveVersion = 1;
	classes = {
	};
	objectVersion = 56;
	objects = {

/* Begin PBXBuildFile section */
		D6689EDC2C722A6A0092D823 /* TripInfo+CoreDataClass.swift in Sources */ = {isa = PBXBuildFile; fileRef = D6689EDA2C722A6A0092D823 /* TripInfo+CoreDataClass.swift */; };
		D6689EDD2C722A6A0092D823 /* TripInfo+CoreDataProperties.swift in Sources */ = {isa = PBXBuildFile; fileRef = D6689EDB2C722A6A0092D823 /* TripInfo+CoreDataProperties.swift */; };
		D66B12AE2C6FCFB70072DFEA /* TripExpenses+CoreDataClass.swift in Sources */ = {isa = PBXBuildFile; fileRef = D66B12AA2C6FCFB70072DFEA /* TripExpenses+CoreDataClass.swift */; };
		D66B12AF2C6FCFB70072DFEA /* TripExpenses+CoreDataProperties.swift in Sources */ = {isa = PBXBuildFile; fileRef = D66B12AB2C6FCFB70072DFEA /* TripExpenses+CoreDataProperties.swift */; };
		D66B12B12C6FD0910072DFEA /* AddTripViewController.swift in Sources */ = {isa = PBXBuildFile; fileRef = D66B12B02C6FD0910072DFEA /* AddTripViewController.swift */; };
		D66B12B32C6FE4450072DFEA /* MyTripsTableViewController.swift in Sources */ = {isa = PBXBuildFile; fileRef = D66B12B22C6FE4450072DFEA /* MyTripsTableViewController.swift */; };
		D66B12B72C6FF0CA0072DFEA /* TripDashboardViewController.swift in Sources */ = {isa = PBXBuildFile; fileRef = D66B12B62C6FF0CA0072DFEA /* TripDashboardViewController.swift */; };
		D66B12B92C6FF6F60072DFEA /* TripDetailsViewController.swift in Sources */ = {isa = PBXBuildFile; fileRef = D66B12B82C6FF6F60072DFEA /* TripDetailsViewController.swift */; };
		D66B12BB2C6FF9E10072DFEA /* TripDirectionsViewController.swift in Sources */ = {isa = PBXBuildFile; fileRef = D66B12BA2C6FF9E10072DFEA /* TripDirectionsViewController.swift */; };
		D66B12BD2C6FF9EB0072DFEA /* TripWeatherViewController.swift in Sources */ = {isa = PBXBuildFile; fileRef = D66B12BC2C6FF9EB0072DFEA /* TripWeatherViewController.swift */; };
		D66B12BF2C7006F30072DFEA /* APICall.swift in Sources */ = {isa = PBXBuildFile; fileRef = D66B12BE2C7006F30072DFEA /* APICall.swift */; };
		D66B12C12C70071A0072DFEA /* WeatherAPI.swift in Sources */ = {isa = PBXBuildFile; fileRef = D66B12C02C70071A0072DFEA /* WeatherAPI.swift */; };
		D66B12C32C700A4E0072DFEA /* AddExpensesViewController.swift in Sources */ = {isa = PBXBuildFile; fileRef = D66B12C22C700A4E0072DFEA /* AddExpensesViewController.swift */; };
		D68199D92C71314300D85104 /* TripCustomTableViewCell.swift in Sources */ = {isa = PBXBuildFile; fileRef = D68199D82C71314300D85104 /* TripCustomTableViewCell.swift */; };
		D68199DB2C713AD000D85104 /* LaunchScreen.storyboard in Resources */ = {isa = PBXBuildFile; fileRef = D68199DA2C713AD000D85104 /* LaunchScreen.storyboard */; };
		D6C8BC532C6E3CA9001DF605 /* AppDelegate.swift in Sources */ = {isa = PBXBuildFile; fileRef = D6C8BC522C6E3CA9001DF605 /* AppDelegate.swift */; };
		D6C8BC552C6E3CA9001DF605 /* SceneDelegate.swift in Sources */ = {isa = PBXBuildFile; fileRef = D6C8BC542C6E3CA9001DF605 /* SceneDelegate.swift */; };
		D6C8BC5A2C6E3CA9001DF605 /* Base in Resources */ = {isa = PBXBuildFile; fileRef = D6C8BC592C6E3CA9001DF605 /* Base */; };
		D6C8BC5D2C6E3CA9001DF605 /* FinalExam_TusharSharma_8869110.xcdatamodeld in Sources */ = {isa = PBXBuildFile; fileRef = D6C8BC5B2C6E3CA9001DF605 /* FinalExam_TusharSharma_8869110.xcdatamodeld */; };
		D6C8BC5F2C6E3CAB001DF605 /* Assets.xcassets in Resources */ = {isa = PBXBuildFile; fileRef = D6C8BC5E2C6E3CAB001DF605 /* Assets.xcassets */; };
		D6C8BC7A2C6E3ECE001DF605 /* READ-ME.md in Resources */ = {isa = PBXBuildFile; fileRef = D6C8BC792C6E3ECD001DF605 /* READ-ME.md */; };
/* End PBXBuildFile section */

/* Begin PBXFileReference section */
		D6689EDA2C722A6A0092D823 /* TripInfo+CoreDataClass.swift */ = {isa = PBXFileReference; lastKnownFileType = sourcecode.swift; path = "TripInfo+CoreDataClass.swift"; sourceTree = "<group>"; };
		D6689EDB2C722A6A0092D823 /* TripInfo+CoreDataProperties.swift */ = {isa = PBXFileReference; lastKnownFileType = sourcecode.swift; path = "TripInfo+CoreDataProperties.swift"; sourceTree = "<group>"; };
		D66B12AA2C6FCFB70072DFEA /* TripExpenses+CoreDataClass.swift */ = {isa = PBXFileReference; lastKnownFileType = sourcecode.swift; path = "TripExpenses+CoreDataClass.swift"; sourceTree = "<group>"; };
		D66B12AB2C6FCFB70072DFEA /* TripExpenses+CoreDataProperties.swift */ = {isa = PBXFileReference; lastKnownFileType = sourcecode.swift; path = "TripExpenses+CoreDataProperties.swift"; sourceTree = "<group>"; };
		D66B12B02C6FD0910072DFEA /* AddTripViewController.swift */ = {isa = PBXFileReference; lastKnownFileType = sourcecode.swift; path = AddTripViewController.swift; sourceTree = "<group>"; };
		D66B12B22C6FE4450072DFEA /* MyTripsTableViewController.swift */ = {isa = PBXFileReference; lastKnownFileType = sourcecode.swift; path = MyTripsTableViewController.swift; sourceTree = "<group>"; };
		D66B12B62C6FF0CA0072DFEA /* TripDashboardViewController.swift */ = {isa = PBXFileReference; lastKnownFileType = sourcecode.swift; path = TripDashboardViewController.swift; sourceTree = "<group>"; };
		D66B12B82C6FF6F60072DFEA /* TripDetailsViewController.swift */ = {isa = PBXFileReference; lastKnownFileType = sourcecode.swift; path = TripDetailsViewController.swift; sourceTree = "<group>"; };
		D66B12BA2C6FF9E10072DFEA /* TripDirectionsViewController.swift */ = {isa = PBXFileReference; lastKnownFileType = sourcecode.swift; path = TripDirectionsViewController.swift; sourceTree = "<group>"; };
		D66B12BC2C6FF9EB0072DFEA /* TripWeatherViewController.swift */ = {isa = PBXFileReference; lastKnownFileType = sourcecode.swift; path = TripWeatherViewController.swift; sourceTree = "<group>"; };
		D66B12BE2C7006F30072DFEA /* APICall.swift */ = {isa = PBXFileReference; lastKnownFileType = sourcecode.swift; path = APICall.swift; sourceTree = "<group>"; };
		D66B12C02C70071A0072DFEA /* WeatherAPI.swift */ = {isa = PBXFileReference; lastKnownFileType = sourcecode.swift; path = WeatherAPI.swift; sourceTree = "<group>"; };
		D66B12C22C700A4E0072DFEA /* AddExpensesViewController.swift */ = {isa = PBXFileReference; lastKnownFileType = sourcecode.swift; path = AddExpensesViewController.swift; sourceTree = "<group>"; };
		D68199D82C71314300D85104 /* TripCustomTableViewCell.swift */ = {isa = PBXFileReference; lastKnownFileType = sourcecode.swift; path = TripCustomTableViewCell.swift; sourceTree = "<group>"; };
		D68199DA2C713AD000D85104 /* LaunchScreen.storyboard */ = {isa = PBXFileReference; lastKnownFileType = file.storyboard; path = LaunchScreen.storyboard; sourceTree = "<group>"; };
		D6C8BC4F2C6E3CA9001DF605 /* FinalExam_TusharSharma_8869110.app */ = {isa = PBXFileReference; explicitFileType = wrapper.application; includeInIndex = 0; path = FinalExam_TusharSharma_8869110.app; sourceTree = BUILT_PRODUCTS_DIR; };
		D6C8BC522C6E3CA9001DF605 /* AppDelegate.swift */ = {isa = PBXFileReference; lastKnownFileType = sourcecode.swift; path = AppDelegate.swift; sourceTree = "<group>"; };
		D6C8BC542C6E3CA9001DF605 /* SceneDelegate.swift */ = {isa = PBXFileReference; lastKnownFileType = sourcecode.swift; path = SceneDelegate.swift; sourceTree = "<group>"; };
		D6C8BC592C6E3CA9001DF605 /* Base */ = {isa = PBXFileReference; lastKnownFileType = file.storyboard; name = Base; path = Base.lproj/Main.storyboard; sourceTree = "<group>"; };
		D6C8BC5C2C6E3CA9001DF605 /* FinalExam_TusharSharma_8869110.xcdatamodel */ = {isa = PBXFileReference; lastKnownFileType = wrapper.xcdatamodel; path = FinalExam_TusharSharma_8869110.xcdatamodel; sourceTree = "<group>"; };
		D6C8BC5E2C6E3CAB001DF605 /* Assets.xcassets */ = {isa = PBXFileReference; lastKnownFileType = folder.assetcatalog; path = Assets.xcassets; sourceTree = "<group>"; };
		D6C8BC632C6E3CAB001DF605 /* Info.plist */ = {isa = PBXFileReference; lastKnownFileType = text.plist.xml; path = Info.plist; sourceTree = "<group>"; };
		D6C8BC792C6E3ECD001DF605 /* READ-ME.md */ = {isa = PBXFileReference; fileEncoding = 4; lastKnownFileType = net.daringfireball.markdown; path = "READ-ME.md"; sourceTree = "<group>"; };
/* End PBXFileReference section */

/* Begin PBXFrameworksBuildPhase section */
		D6C8BC4C2C6E3CA9001DF605 /* Frameworks */ = {
			isa = PBXFrameworksBuildPhase;
			buildActionMask = 2147483647;
			files = (
			);
			runOnlyForDeploymentPostprocessing = 0;
		};
/* End PBXFrameworksBuildPhase section */

/* Begin PBXGroup section */
		D6C8BC462C6E3CA9001DF605 = {
			isa = PBXGroup;
			children = (
				D6C8BC512C6E3CA9001DF605 /* FinalExam_TusharSharma_8869110 */,
				D6C8BC502C6E3CA9001DF605 /* Products */,
			);
			sourceTree = "<group>";
		};
		D6C8BC502C6E3CA9001DF605 /* Products */ = {
			isa = PBXGroup;
			children = (
				D6C8BC4F2C6E3CA9001DF605 /* FinalExam_TusharSharma_8869110.app */,
			);
			name = Products;
			sourceTree = "<group>";
		};
		D6C8BC512C6E3CA9001DF605 /* FinalExam_TusharSharma_8869110 */ = {
			isa = PBXGroup;
			children = (
				D6C8BC792C6E3ECD001DF605 /* READ-ME.md */,
				D6C8BC7F2C6E3F4A001DF605 /* Model */,
				D6C8BC7B2C6E3F1A001DF605 /* View */,
				D6C8BC832C6E3F86001DF605 /* Controller */,
				D6C8BC822C6E3F6A001DF605 /* Utilities */,
				D6C8BC632C6E3CAB001DF605 /* Info.plist */,
				D6C8BC5B2C6E3CA9001DF605 /* FinalExam_TusharSharma_8869110.xcdatamodeld */,
			);
			path = FinalExam_TusharSharma_8869110;
			sourceTree = "<group>";
		};
		D6C8BC7B2C6E3F1A001DF605 /* View */ = {
			isa = PBXGroup;
			children = (
				D6C8BC582C6E3CA9001DF605 /* Main.storyboard */,
				D68199DA2C713AD000D85104 /* LaunchScreen.storyboard */,
			);
			path = View;
			sourceTree = "<group>";
		};
		D6C8BC7F2C6E3F4A001DF605 /* Model */ = {
			isa = PBXGroup;
			children = (
				D6689EDA2C722A6A0092D823 /* TripInfo+CoreDataClass.swift */,
				D6689EDB2C722A6A0092D823 /* TripInfo+CoreDataProperties.swift */,
				D66B12AA2C6FCFB70072DFEA /* TripExpenses+CoreDataClass.swift */,
				D66B12AB2C6FCFB70072DFEA /* TripExpenses+CoreDataProperties.swift */,
				D66B12BE2C7006F30072DFEA /* APICall.swift */,
				D66B12C02C70071A0072DFEA /* WeatherAPI.swift */,
			);
			path = Model;
			sourceTree = "<group>";
		};
		D6C8BC822C6E3F6A001DF605 /* Utilities */ = {
			isa = PBXGroup;
			children = (
				D6C8BC522C6E3CA9001DF605 /* AppDelegate.swift */,
				D6C8BC542C6E3CA9001DF605 /* SceneDelegate.swift */,
				D6C8BC5E2C6E3CAB001DF605 /* Assets.xcassets */,
			);
			path = Utilities;
			sourceTree = "<group>";
		};
		D6C8BC832C6E3F86001DF605 /* Controller */ = {
			isa = PBXGroup;
			children = (
				D66B12B62C6FF0CA0072DFEA /* TripDashboardViewController.swift */,
				D66B12B22C6FE4450072DFEA /* MyTripsTableViewController.swift */,
				D68199D82C71314300D85104 /* TripCustomTableViewCell.swift */,
				D66B12B02C6FD0910072DFEA /* AddTripViewController.swift */,
				D66B12B82C6FF6F60072DFEA /* TripDetailsViewController.swift */,
				D66B12C22C700A4E0072DFEA /* AddExpensesViewController.swift */,
				D66B12BA2C6FF9E10072DFEA /* TripDirectionsViewController.swift */,
				D66B12BC2C6FF9EB0072DFEA /* TripWeatherViewController.swift */,
			);
			path = Controller;
			sourceTree = "<group>";
		};
/* End PBXGroup section */

/* Begin PBXNativeTarget section */
		D6C8BC4E2C6E3CA9001DF605 /* FinalExam_TusharSharma_8869110 */ = {
			isa = PBXNativeTarget;
			buildConfigurationList = D6C8BC662C6E3CAB001DF605 /* Build configuration list for PBXNativeTarget "FinalExam_TusharSharma_8869110" */;
			buildPhases = (
				D6C8BC4B2C6E3CA9001DF605 /* Sources */,
				D6C8BC4C2C6E3CA9001DF605 /* Frameworks */,
				D6C8BC4D2C6E3CA9001DF605 /* Resources */,
			);
			buildRules = (
			);
			dependencies = (
			);
			name = FinalExam_TusharSharma_8869110;
			productName = FinalExam_TusharSharma_8869110;
			productReference = D6C8BC4F2C6E3CA9001DF605 /* FinalExam_TusharSharma_8869110.app */;
			productType = "com.apple.product-type.application";
		};
/* End PBXNativeTarget section */

/* Begin PBXProject section */
		D6C8BC472C6E3CA9001DF605 /* Project object */ = {
			isa = PBXProject;
			attributes = {
				BuildIndependentTargetsInParallel = 1;
				LastSwiftUpdateCheck = 1540;
				LastUpgradeCheck = 1540;
				TargetAttributes = {
					D6C8BC4E2C6E3CA9001DF605 = {
						CreatedOnToolsVersion = 15.4;
					};
				};
			};
			buildConfigurationList = D6C8BC4A2C6E3CA9001DF605 /* Build configuration list for PBXProject "FinalExam_TusharSharma_8869110" */;
			compatibilityVersion = "Xcode 14.0";
			developmentRegion = en;
			hasScannedForEncodings = 0;
			knownRegions = (
				en,
				Base,
			);
			mainGroup = D6C8BC462C6E3CA9001DF605;
			productRefGroup = D6C8BC502C6E3CA9001DF605 /* Products */;
			projectDirPath = "";
			projectRoot = "";
			targets = (
				D6C8BC4E2C6E3CA9001DF605 /* FinalExam_TusharSharma_8869110 */,
			);
		};
/* End PBXProject section */

/* Begin PBXResourcesBuildPhase section */
		D6C8BC4D2C6E3CA9001DF605 /* Resources */ = {
			isa = PBXResourcesBuildPhase;
			buildActionMask = 2147483647;
			files = (
				D6C8BC7A2C6E3ECE001DF605 /* READ-ME.md in Resources */,
				D68199DB2C713AD000D85104 /* LaunchScreen.storyboard in Resources */,
				D6C8BC5F2C6E3CAB001DF605 /* Assets.xcassets in Resources */,
				D6C8BC5A2C6E3CA9001DF605 /* Base in Resources */,
			);
			runOnlyForDeploymentPostprocessing = 0;
		};
/* End PBXResourcesBuildPhase section */

/* Begin PBXSourcesBuildPhase section */
		D6C8BC4B2C6E3CA9001DF605 /* Sources */ = {
			isa = PBXSourcesBuildPhase;
			buildActionMask = 2147483647;
			files = (
				D66B12BB2C6FF9E10072DFEA /* TripDirectionsViewController.swift in Sources */,
				D66B12C32C700A4E0072DFEA /* AddExpensesViewController.swift in Sources */,
				D6689EDC2C722A6A0092D823 /* TripInfo+CoreDataClass.swift in Sources */,
				D6689EDD2C722A6A0092D823 /* TripInfo+CoreDataProperties.swift in Sources */,
				D6C8BC532C6E3CA9001DF605 /* AppDelegate.swift in Sources */,
				D66B12BF2C7006F30072DFEA /* APICall.swift in Sources */,
				D66B12B92C6FF6F60072DFEA /* TripDetailsViewController.swift in Sources */,
				D66B12C12C70071A0072DFEA /* WeatherAPI.swift in Sources */,
				D66B12BD2C6FF9EB0072DFEA /* TripWeatherViewController.swift in Sources */,
				D66B12B12C6FD0910072DFEA /* AddTripViewController.swift in Sources */,
				D66B12AE2C6FCFB70072DFEA /* TripExpenses+CoreDataClass.swift in Sources */,
				D66B12AF2C6FCFB70072DFEA /* TripExpenses+CoreDataProperties.swift in Sources */,
				D66B12B32C6FE4450072DFEA /* MyTripsTableViewController.swift in Sources */,
				D68199D92C71314300D85104 /* TripCustomTableViewCell.swift in Sources */,
				D6C8BC5D2C6E3CA9001DF605 /* FinalExam_TusharSharma_8869110.xcdatamodeld in Sources */,
				D66B12B72C6FF0CA0072DFEA /* TripDashboardViewController.swift in Sources */,
				D6C8BC552C6E3CA9001DF605 /* SceneDelegate.swift in Sources */,
			);
			runOnlyForDeploymentPostprocessing = 0;
		};
/* End PBXSourcesBuildPhase section */

/* Begin PBXVariantGroup section */
		D6C8BC582C6E3CA9001DF605 /* Main.storyboard */ = {
			isa = PBXVariantGroup;
			children = (
				D6C8BC592C6E3CA9001DF605 /* Base */,
			);
			name = Main.storyboard;
			sourceTree = "<group>";
		};
/* End PBXVariantGroup section */

/* Begin XCBuildConfiguration section */
		D6C8BC642C6E3CAB001DF605 /* Debug */ = {
			isa = XCBuildConfiguration;
			buildSettings = {
				ALWAYS_SEARCH_USER_PATHS = NO;
				ASSETCATALOG_COMPILER_GENERATE_SWIFT_ASSET_SYMBOL_EXTENSIONS = YES;
				CLANG_ANALYZER_NONNULL = YES;
				CLANG_ANALYZER_NUMBER_OBJECT_CONVERSION = YES_AGGRESSIVE;
				CLANG_CXX_LANGUAGE_STANDARD = "gnu++20";
				CLANG_ENABLE_MODULES = YES;
				CLANG_ENABLE_OBJC_ARC = YES;
				CLANG_ENABLE_OBJC_WEAK = YES;
				CLANG_WARN_BLOCK_CAPTURE_AUTORELEASING = YES;
				CLANG_WARN_BOOL_CONVERSION = YES;
				CLANG_WARN_COMMA = YES;
				CLANG_WARN_CONSTANT_CONVERSION = YES;
				CLANG_WARN_DEPRECATED_OBJC_IMPLEMENTATIONS = YES;
				CLANG_WARN_DIRECT_OBJC_ISA_USAGE = YES_ERROR;
				CLANG_WARN_DOCUMENTATION_COMMENTS = YES;
				CLANG_WARN_EMPTY_BODY = YES;
				CLANG_WARN_ENUM_CONVERSION = YES;
				CLANG_WARN_INFINITE_RECURSION = YES;
				CLANG_WARN_INT_CONVERSION = YES;
				CLANG_WARN_NON_LITERAL_NULL_CONVERSION = YES;
				CLANG_WARN_OBJC_IMPLICIT_RETAIN_SELF = YES;
				CLANG_WARN_OBJC_LITERAL_CONVERSION = YES;
				CLANG_WARN_OBJC_ROOT_CLASS = YES_ERROR;
				CLANG_WARN_QUOTED_INCLUDE_IN_FRAMEWORK_HEADER = YES;
				CLANG_WARN_RANGE_LOOP_ANALYSIS = YES;
				CLANG_WARN_STRICT_PROTOTYPES = YES;
				CLANG_WARN_SUSPICIOUS_MOVE = YES;
				CLANG_WARN_UNGUARDED_AVAILABILITY = YES_AGGRESSIVE;
				CLANG_WARN_UNREACHABLE_CODE = YES;
				CLANG_WARN__DUPLICATE_METHOD_MATCH = YES;
				COPY_PHASE_STRIP = NO;
				DEBUG_INFORMATION_FORMAT = dwarf;
				ENABLE_STRICT_OBJC_MSGSEND = YES;
				ENABLE_TESTABILITY = YES;
				ENABLE_USER_SCRIPT_SANDBOXING = YES;
				GCC_C_LANGUAGE_STANDARD = gnu17;
				GCC_DYNAMIC_NO_PIC = NO;
				GCC_NO_COMMON_BLOCKS = YES;
				GCC_OPTIMIZATION_LEVEL = 0;
				GCC_PREPROCESSOR_DEFINITIONS = (
					"DEBUG=1",
					"$(inherited)",
				);
				GCC_WARN_64_TO_32_BIT_CONVERSION = YES;
				GCC_WARN_ABOUT_RETURN_TYPE = YES_ERROR;
				GCC_WARN_UNDECLARED_SELECTOR = YES;
				GCC_WARN_UNINITIALIZED_AUTOS = YES_AGGRESSIVE;
				GCC_WARN_UNUSED_FUNCTION = YES;
				GCC_WARN_UNUSED_VARIABLE = YES;
				IPHONEOS_DEPLOYMENT_TARGET = 17.5;
				LOCALIZATION_PREFERS_STRING_CATALOGS = YES;
				MTL_ENABLE_DEBUG_INFO = INCLUDE_SOURCE;
				MTL_FAST_MATH = YES;
				ONLY_ACTIVE_ARCH = YES;
				SDKROOT = iphoneos;
				SWIFT_ACTIVE_COMPILATION_CONDITIONS = "DEBUG $(inherited)";
				SWIFT_OPTIMIZATION_LEVEL = "-Onone";
			};
			name = Debug;
		};
		D6C8BC652C6E3CAB001DF605 /* Release */ = {
			isa = XCBuildConfiguration;
			buildSettings = {
				ALWAYS_SEARCH_USER_PATHS = NO;
				ASSETCATALOG_COMPILER_GENERATE_SWIFT_ASSET_SYMBOL_EXTENSIONS = YES;
				CLANG_ANALYZER_NONNULL = YES;
				CLANG_ANALYZER_NUMBER_OBJECT_CONVERSION = YES_AGGRESSIVE;
				CLANG_CXX_LANGUAGE_STANDARD = "gnu++20";
				CLANG_ENABLE_MODULES = YES;
				CLANG_ENABLE_OBJC_ARC = YES;
				CLANG_ENABLE_OBJC_WEAK = YES;
				CLANG_WARN_BLOCK_CAPTURE_AUTORELEASING = YES;
				CLANG_WARN_BOOL_CONVERSION = YES;
				CLANG_WARN_COMMA = YES;
				CLANG_WARN_CONSTANT_CONVERSION = YES;
				CLANG_WARN_DEPRECATED_OBJC_IMPLEMENTATIONS = YES;
				CLANG_WARN_DIRECT_OBJC_ISA_USAGE = YES_ERROR;
				CLANG_WARN_DOCUMENTATION_COMMENTS = YES;
				CLANG_WARN_EMPTY_BODY = YES;
				CLANG_WARN_ENUM_CONVERSION = YES;
				CLANG_WARN_INFINITE_RECURSION = YES;
				CLANG_WARN_INT_CONVERSION = YES;
				CLANG_WARN_NON_LITERAL_NULL_CONVERSION = YES;
				CLANG_WARN_OBJC_IMPLICIT_RETAIN_SELF = YES;
				CLANG_WARN_OBJC_LITERAL_CONVERSION = YES;
				CLANG_WARN_OBJC_ROOT_CLASS = YES_ERROR;
				CLANG_WARN_QUOTED_INCLUDE_IN_FRAMEWORK_HEADER = YES;
				CLANG_WARN_RANGE_LOOP_ANALYSIS = YES;
				CLANG_WARN_STRICT_PROTOTYPES = YES;
				CLANG_WARN_SUSPICIOUS_MOVE = YES;
				CLANG_WARN_UNGUARDED_AVAILABILITY = YES_AGGRESSIVE;
				CLANG_WARN_UNREACHABLE_CODE = YES;
				CLANG_WARN__DUPLICATE_METHOD_MATCH = YES;
				COPY_PHASE_STRIP = NO;
				DEBUG_INFORMATION_FORMAT = "dwarf-with-dsym";
				ENABLE_NS_ASSERTIONS = NO;
				ENABLE_STRICT_OBJC_MSGSEND = YES;
				ENABLE_USER_SCRIPT_SANDBOXING = YES;
				GCC_C_LANGUAGE_STANDARD = gnu17;
				GCC_NO_COMMON_BLOCKS = YES;
				GCC_WARN_64_TO_32_BIT_CONVERSION = YES;
				GCC_WARN_ABOUT_RETURN_TYPE = YES_ERROR;
				GCC_WARN_UNDECLARED_SELECTOR = YES;
				GCC_WARN_UNINITIALIZED_AUTOS = YES_AGGRESSIVE;
				GCC_WARN_UNUSED_FUNCTION = YES;
				GCC_WARN_UNUSED_VARIABLE = YES;
				IPHONEOS_DEPLOYMENT_TARGET = 17.5;
				LOCALIZATION_PREFERS_STRING_CATALOGS = YES;
				MTL_ENABLE_DEBUG_INFO = NO;
				MTL_FAST_MATH = YES;
				SDKROOT = iphoneos;
				SWIFT_COMPILATION_MODE = wholemodule;
				VALIDATE_PRODUCT = YES;
			};
			name = Release;
		};
		D6C8BC672C6E3CAB001DF605 /* Debug */ = {
			isa = XCBuildConfiguration;
			buildSettings = {
				ASSETCATALOG_COMPILER_APPICON_NAME = AppIcon;
				ASSETCATALOG_COMPILER_GLOBAL_ACCENT_COLOR_NAME = AccentColor;
				ASSETCATALOG_COMPILER_INCLUDE_ALL_APPICON_ASSETS = NO;
				CODE_SIGN_STYLE = Automatic;
				CURRENT_PROJECT_VERSION = 1;
				DEVELOPMENT_TEAM = V24SZ24YBV;
				GENERATE_INFOPLIST_FILE = YES;
				INFOPLIST_FILE = FinalExam_TusharSharma_8869110/Info.plist;
				INFOPLIST_KEY_UIApplicationSupportsIndirectInputEvents = YES;
				INFOPLIST_KEY_UILaunchStoryboardName = LaunchScreen.storyboard;
				INFOPLIST_KEY_UIMainStoryboardFile = Main;
				INFOPLIST_KEY_UISupportedInterfaceOrientations = UIInterfaceOrientationPortrait;
				INFOPLIST_KEY_UISupportedInterfaceOrientations_iPad = "UIInterfaceOrientationLandscapeLeft UIInterfaceOrientationLandscapeRight UIInterfaceOrientationPortrait UIInterfaceOrientationPortraitUpsideDown";
				LD_RUNPATH_SEARCH_PATHS = (
					"$(inherited)",
					"@executable_path/Frameworks",
				);
				MARKETING_VERSION = 1.0;
				PRODUCT_BUNDLE_IDENTIFIER = "Conestoga-College.FinalExam-TusharSharma-8869110";
				PRODUCT_NAME = "$(TARGET_NAME)";
				SUPPORTED_PLATFORMS = "iphoneos iphonesimulator";
				SUPPORTS_MACCATALYST = NO;
				SUPPORTS_MAC_DESIGNED_FOR_IPHONE_IPAD = NO;
				SUPPORTS_XR_DESIGNED_FOR_IPHONE_IPAD = NO;
				SWIFT_EMIT_LOC_STRINGS = YES;
				SWIFT_VERSION = 5.0;
				TARGETED_DEVICE_FAMILY = 1;
			};
			name = Debug;
		};
		D6C8BC682C6E3CAB001DF605 /* Release */ = {
			isa = XCBuildConfiguration;
			buildSettings = {
				ASSETCATALOG_COMPILER_APPICON_NAME = AppIcon;
				ASSETCATALOG_COMPILER_GLOBAL_ACCENT_COLOR_NAME = AccentColor;
				ASSETCATALOG_COMPILER_INCLUDE_ALL_APPICON_ASSETS = NO;
				CODE_SIGN_STYLE = Automatic;
				CURRENT_PROJECT_VERSION = 1;
				DEVELOPMENT_TEAM = V24SZ24YBV;
				GENERATE_INFOPLIST_FILE = YES;
				INFOPLIST_FILE = FinalExam_TusharSharma_8869110/Info.plist;
				INFOPLIST_KEY_UIApplicationSupportsIndirectInputEvents = YES;
				INFOPLIST_KEY_UILaunchStoryboardName = LaunchScreen.storyboard;
				INFOPLIST_KEY_UIMainStoryboardFile = Main;
				INFOPLIST_KEY_UISupportedInterfaceOrientations = UIInterfaceOrientationPortrait;
				INFOPLIST_KEY_UISupportedInterfaceOrientations_iPad = "UIInterfaceOrientationLandscapeLeft UIInterfaceOrientationLandscapeRight UIInterfaceOrientationPortrait UIInterfaceOrientationPortraitUpsideDown";
				LD_RUNPATH_SEARCH_PATHS = (
					"$(inherited)",
					"@executable_path/Frameworks",
				);
				MARKETING_VERSION = 1.0;
				PRODUCT_BUNDLE_IDENTIFIER = "Conestoga-College.FinalExam-TusharSharma-8869110";
				PRODUCT_NAME = "$(TARGET_NAME)";
				SUPPORTED_PLATFORMS = "iphoneos iphonesimulator";
				SUPPORTS_MACCATALYST = NO;
				SUPPORTS_MAC_DESIGNED_FOR_IPHONE_IPAD = NO;
				SUPPORTS_XR_DESIGNED_FOR_IPHONE_IPAD = NO;
				SWIFT_EMIT_LOC_STRINGS = YES;
				SWIFT_VERSION = 5.0;
				TARGETED_DEVICE_FAMILY = 1;
			};
			name = Release;
		};
/* End XCBuildConfiguration section */

/* Begin XCConfigurationList section */
		D6C8BC4A2C6E3CA9001DF605 /* Build configuration list for PBXProject "FinalExam_TusharSharma_8869110" */ = {
			isa = XCConfigurationList;
			buildConfigurations = (
				D6C8BC642C6E3CAB001DF605 /* Debug */,
				D6C8BC652C6E3CAB001DF605 /* Release */,
			);
			defaultConfigurationIsVisible = 0;
			defaultConfigurationName = Release;
		};
		D6C8BC662C6E3CAB001DF605 /* Build configuration list for PBXNativeTarget "FinalExam_TusharSharma_8869110" */ = {
			isa = XCConfigurationList;
			buildConfigurations = (
				D6C8BC672C6E3CAB001DF605 /* Debug */,
				D6C8BC682C6E3CAB001DF605 /* Release */,
			);
			defaultConfigurationIsVisible = 0;
			defaultConfigurationName = Release;
		};
/* End XCConfigurationList section */

/* Begin XCVersionGroup section */
		D6C8BC5B2C6E3CA9001DF605 /* FinalExam_TusharSharma_8869110.xcdatamodeld */ = {
			isa = XCVersionGroup;
			children = (
				D6C8BC5C2C6E3CA9001DF605 /* FinalExam_TusharSharma_8869110.xcdatamodel */,
			);
			currentVersion = D6C8BC5C2C6E3CA9001DF605 /* FinalExam_TusharSharma_8869110.xcdatamodel */;
			path = FinalExam_TusharSharma_8869110.xcdatamodeld;
			sourceTree = "<group>";
			versionGroupType = wrapper.xcdatamodel;
		};
/* End XCVersionGroup section */
	};
	rootObject = D6C8BC472C6E3CA9001DF605 /* Project object */;
}
